
Microsoft Visual Studio Solution File, Format Version 12.00
# Visual Studio Version 17
VisualStudioVersion = 17.11.35222.181
MinimumVisualStudioVersion = 10.0.40219.1
Project("{9A19103F-16F7-4668-BE54-9A1E7A4F7556}") = "Functions", "Functions\Functions.csproj", "{5C8668F7-4015-4EE1-8D40-2284DDF5B3B2}"
EndProject
Project("{9A19103F-16F7-4668-BE54-9A1E7A4F7556}") = "ArgumentsAndParameters", "ArgumentsAndParameters\ArgumentsAndParameters.csproj", "{2589CB84-F5A7-41FC-B534-AAEAE636F61F}"
EndProject
Project("{9A19103F-16F7-4668-BE54-9A1E7A4F7556}") = "Calculator", "Calculator\Calculator.csproj", "{1855380B-7D69-4A64-A12A-AEB24BF41554}"
EndProject
Project("{FAE04EC0-301F-11D3-BF4B-00C04F79EFBC}") = "DiscountCalculator", "DiscountCalculator\DiscountCalculator.csproj", "{5959DBA2-CDAD-47D6-B46A-0283A9564BD0}"
EndProject
Global
	GlobalSection(SolutionConfigurationPlatforms) = preSolution
		Debug|Any CPU = Debug|Any CPU
		Release|Any CPU = Release|Any CPU
	EndGlobalSection
	GlobalSection(ProjectConfigurationPlatforms) = postSolution
		{5C8668F7-4015-4EE1-8D40-2284DDF5B3B2}.Debug|Any CPU.ActiveCfg = Debug|Any CPU
		{5C8668F7-4015-4EE1-8D40-2284DDF5B3B2}.Debug|Any CPU.Build.0 = Debug|Any CPU
		{5C8668F7-4015-4EE1-8D40-2284DDF5B3B2}.Release|Any CPU.ActiveCfg = Release|Any CPU
		{5C8668F7-4015-4EE1-8D40-2284DDF5B3B2}.Release|Any CPU.Build.0 = Release|Any CPU
		{2589CB84-F5A7-41FC-B534-AAEAE636F61F}.Debug|Any CPU.ActiveCfg = Debug|Any CPU
		{2589CB84-F5A7-41FC-B534-AAEAE636F61F}.Debug|Any CPU.Build.0 = Debug|Any CPU
		{2589CB84-F5A7-41FC-B534-AAEAE636F61F}.Release|Any CPU.ActiveCfg = Release|Any CPU
		{2589CB84-F5A7-41FC-B534-AAEAE636F61F}.Release|Any CPU.Build.0 = Release|Any CPU
		{1855380B-7D69-4A64-A12A-AEB24BF41554}.Debug|Any CPU.ActiveCfg = Debug|Any CPU
		{1855380B-7D69-4A64-A12A-AEB24BF41554}.Debug|Any CPU.Build.0 = Debug|Any CPU
		{1855380B-7D69-4A64-A12A-AEB24BF41554}.Release|Any CPU.ActiveCfg = Release|Any CPU
		{1855380B-7D69-4A64-A12A-AEB24BF41554}.Release|Any CPU.Build.0 = Release|Any CPU
		{5959DBA2-CDAD-47D6-B46A-0283A9564BD0}.Debug|Any CPU.ActiveCfg = Debug|Any CPU
		{5959DBA2-CDAD-47D6-B46A-0283A9564BD0}.Debug|Any CPU.Build.0 = Debug|Any CPU
		{5959DBA2-CDAD-47D6-B46A-0283A9564BD0}.Release|Any CPU.ActiveCfg = Release|Any CPU
		{5959DBA2-CDAD-47D6-B46A-0283A9564BD0}.Release|Any CPU.Build.0 = Release|Any CPU
	EndGlobalSection
	GlobalSection(SolutionProperties) = preSolution
		HideSolutionNode = FALSE
	EndGlobalSection
	GlobalSection(ExtensibilityGlobals) = postSolution
		SolutionGuid = {7813FF29-7F80-4356-9761-8424FCDD920D}
	EndGlobalSection
EndGlobal
